
Microsoft Visual Studio Solution File, Format Version 12.00
# Visual Studio 15
VisualStudioVersion = 15.0.28010.2026
MinimumVisualStudioVersion = 10.0.40219.1
Project("{8BC9CEB8-8B4A-11D0-8D11-00A0C91BC942}") = "01_CreateDevice", "1017_CreateDevice\1017_CreateDevice.vcxproj", "{2A8F6ADA-3931-48FA-8E7B-7B258E44EAB8}"
EndProject
Project("{8BC9CEB8-8B4A-11D0-8D11-00A0C91BC942}") = "02_Vertex", "1017_02_Vertex\1017_02_Vertex.vcxproj", "{59A1A601-195C-46AF-8991-0B2DCB18E0F4}"
EndProject
Project("{8BC9CEB8-8B4A-11D0-8D11-00A0C91BC942}") = "03_Matrix", "03_Matrix\03_Matrix.vcxproj", "{14131146-43B1-4910-9682-DB531A19FEBF}"
EndProject
Project("{8BC9CEB8-8B4A-11D0-8D11-00A0C91BC942}") = "04_Lights", "04_Lights\04_Lights.vcxproj", "{B4BF80C2-B24B-40FC-B1F9-5844F265E6D0}"
EndProject
Project("{8BC9CEB8-8B4A-11D0-8D11-00A0C91BC942}") = "05_Texture", "05_Texture\05_Texture.vcxproj", "{41E7EF95-8CBF-40B2-8365-690D113205D4}"
EndProject
Project("{8BC9CEB8-8B4A-11D0-8D11-00A0C91BC942}") = "06_Mesh", "06_Mesh\06_Mesh.vcxproj", "{2D44F2AE-BE3C-4C8B-8403-187166C4A149}"
EndProject
Project("{8BC9CEB8-8B4A-11D0-8D11-00A0C91BC942}") = "07_IndexBuffer", "07_IndexBuffer\07_IndexBuffer.vcxproj", "{81C8B0F4-A50C-4F2D-B97E-8C9D6415B32E}"
EndProject
Project("{8BC9CEB8-8B4A-11D0-8D11-00A0C91BC942}") = "1021_mathod", "1021_mathod\1021_mathod.vcxproj", "{F369DD55-1C87-498B-BD90-7DF759440DD9}"
EndProject
Project("{8BC9CEB8-8B4A-11D0-8D11-00A0C91BC942}") = "1022_KeyFrame_Animation", "1022_KeyFrame_Animation\1022_KeyFrame_Animation.vcxproj", "{C49C863F-0FBF-499E-A9FC-E9C057B9B592}"
EndProject
Project("{8BC9CEB8-8B4A-11D0-8D11-00A0C91BC942}") = "1022_Star", "1022_Star\1022_Star.vcxproj", "{5AF2F351-ECE8-4CFD-B217-6CA0093A3B63}"
EndProject
Project("{8BC9CEB8-8B4A-11D0-8D11-00A0C91BC942}") = "09_LightMap", "09_LightMap\09_LightMap.vcxproj", "{2185828F-ABB8-4C9A-AC06-3AB3B6514D89}"
EndProject
Project("{8BC9CEB8-8B4A-11D0-8D11-00A0C91BC942}") = "10_HeightMap", "10_HeightMap\10_HeightMap.vcxproj", "{16875C8C-ABFF-42D5-B27C-FE5E8AA76FD4}"
EndProject
Project("{8BC9CEB8-8B4A-11D0-8D11-00A0C91BC942}") = "11_FrustumCuling", "11_FrustumCuling\11_FrustumCuling.vcxproj", "{21E6669A-7FFF-464B-95FB-787F272994BC}"
EndProject
Project("{8BC9CEB8-8B4A-11D0-8D11-00A0C91BC942}") = "13_Lod", "13_Lod\13_Lod.vcxproj", "{4284C397-F6D3-4524-A753-F9FC8E45E677}"
EndProject
Project("{8BC9CEB8-8B4A-11D0-8D11-00A0C91BC942}") = "12_QuadTree", "12_QuadTree\12_QuadTree.vcxproj", "{5E6B92E5-F8DD-4E7C-A461-EE8A9FC0FDBB}"
EndProject
Project("{8BC9CEB8-8B4A-11D0-8D11-00A0C91BC942}") = "15_Lod_Fix", "15_Lod_Fix\15_Lod_Fix.vcxproj", "{2E07A2B2-699A-40C0-AB7F-15D0D831F788}"
EndProject
Project("{8BC9CEB8-8B4A-11D0-8D11-00A0C91BC942}") = "Tank", "Tank\Tank.vcxproj", "{D724A2C0-1647-400C-9B17-A3AC26D08BDB}"
EndProject
Project("{8BC9CEB8-8B4A-11D0-8D11-00A0C91BC942}") = "Ase_character", "Ase_character\Ase_character.vcxproj", "{08768C9E-C0EA-443E-8DB2-E2F495E24BF7}"
EndProject
Project("{8BC9CEB8-8B4A-11D0-8D11-00A0C91BC942}") = "sd_01_Basic", "sd_01_Basic\sd_01_Basic.vcxproj", "{4500E660-7AE6-4FA1-8644-CDD73FF0D65F}"
EndProject
Project("{8BC9CEB8-8B4A-11D0-8D11-00A0C91BC942}") = "sd_02_Texture", "sd_02_Texture\sd_02_Texture.vcxproj", "{341A9C41-2F86-44A7-8742-F869450549B4}"
EndProject
Project("{8BC9CEB8-8B4A-11D0-8D11-00A0C91BC942}") = "sd_03_lighting", "sd_03_lighting\sd_03_lighting.vcxproj", "{7BCBAA3B-F432-42BF-9D99-3BD620C15E2C}"
EndProject
Project("{8BC9CEB8-8B4A-11D0-8D11-00A0C91BC942}") = "1030_shader_lighting_star", "1030_shader_lighting_star\1030_shader_lighting_star.vcxproj", "{18AE9BF3-E57C-46A7-B4D7-994104159361}"
EndProject
Global
	GlobalSection(SolutionConfigurationPlatforms) = preSolution
		Debug|x64 = Debug|x64
		Debug|x86 = Debug|x86
		Release|x64 = Release|x64
		Release|x86 = Release|x86
	EndGlobalSection
	GlobalSection(ProjectConfigurationPlatforms) = postSolution
		{2A8F6ADA-3931-48FA-8E7B-7B258E44EAB8}.Debug|x64.ActiveCfg = Debug|x64
		{2A8F6ADA-3931-48FA-8E7B-7B258E44EAB8}.Debug|x64.Build.0 = Debug|x64
		{2A8F6ADA-3931-48FA-8E7B-7B258E44EAB8}.Debug|x86.ActiveCfg = Debug|Win32
		{2A8F6ADA-3931-48FA-8E7B-7B258E44EAB8}.Debug|x86.Build.0 = Debug|Win32
		{2A8F6ADA-3931-48FA-8E7B-7B258E44EAB8}.Release|x64.ActiveCfg = Release|x64
		{2A8F6ADA-3931-48FA-8E7B-7B258E44EAB8}.Release|x64.Build.0 = Release|x64
		{2A8F6ADA-3931-48FA-8E7B-7B258E44EAB8}.Release|x86.ActiveCfg = Release|Win32
		{2A8F6ADA-3931-48FA-8E7B-7B258E44EAB8}.Release|x86.Build.0 = Release|Win32
		{59A1A601-195C-46AF-8991-0B2DCB18E0F4}.Debug|x64.ActiveCfg = Debug|x64
		{59A1A601-195C-46AF-8991-0B2DCB18E0F4}.Debug|x64.Build.0 = Debug|x64
		{59A1A601-195C-46AF-8991-0B2DCB18E0F4}.Debug|x86.ActiveCfg = Debug|Win32
		{59A1A601-195C-46AF-8991-0B2DCB18E0F4}.Debug|x86.Build.0 = Debug|Win32
		{59A1A601-195C-46AF-8991-0B2DCB18E0F4}.Release|x64.ActiveCfg = Release|x64
		{59A1A601-195C-46AF-8991-0B2DCB18E0F4}.Release|x64.Build.0 = Release|x64
		{59A1A601-195C-46AF-8991-0B2DCB18E0F4}.Release|x86.ActiveCfg = Release|Win32
		{59A1A601-195C-46AF-8991-0B2DCB18E0F4}.Release|x86.Build.0 = Release|Win32
		{14131146-43B1-4910-9682-DB531A19FEBF}.Debug|x64.ActiveCfg = Debug|x64
		{14131146-43B1-4910-9682-DB531A19FEBF}.Debug|x64.Build.0 = Debug|x64
		{14131146-43B1-4910-9682-DB531A19FEBF}.Debug|x86.ActiveCfg = Debug|Win32
		{14131146-43B1-4910-9682-DB531A19FEBF}.Debug|x86.Build.0 = Debug|Win32
		{14131146-43B1-4910-9682-DB531A19FEBF}.Release|x64.ActiveCfg = Release|x64
		{14131146-43B1-4910-9682-DB531A19FEBF}.Release|x64.Build.0 = Release|x64
		{14131146-43B1-4910-9682-DB531A19FEBF}.Release|x86.ActiveCfg = Release|Win32
		{14131146-43B1-4910-9682-DB531A19FEBF}.Release|x86.Build.0 = Release|Win32
		{B4BF80C2-B24B-40FC-B1F9-5844F265E6D0}.Debug|x64.ActiveCfg = Debug|x64
		{B4BF80C2-B24B-40FC-B1F9-5844F265E6D0}.Debug|x64.Build.0 = Debug|x64
		{B4BF80C2-B24B-40FC-B1F9-5844F265E6D0}.Debug|x86.ActiveCfg = Debug|Win32
		{B4BF80C2-B24B-40FC-B1F9-5844F265E6D0}.Debug|x86.Build.0 = Debug|Win32
		{B4BF80C2-B24B-40FC-B1F9-5844F265E6D0}.Release|x64.ActiveCfg = Release|x64
		{B4BF80C2-B24B-40FC-B1F9-5844F265E6D0}.Release|x64.Build.0 = Release|x64
		{B4BF80C2-B24B-40FC-B1F9-5844F265E6D0}.Release|x86.ActiveCfg = Release|Win32
		{B4BF80C2-B24B-40FC-B1F9-5844F265E6D0}.Release|x86.Build.0 = Release|Win32
		{41E7EF95-8CBF-40B2-8365-690D113205D4}.Debug|x64.ActiveCfg = Debug|x64
		{41E7EF95-8CBF-40B2-8365-690D113205D4}.Debug|x64.Build.0 = Debug|x64
		{41E7EF95-8CBF-40B2-8365-690D113205D4}.Debug|x86.ActiveCfg = Debug|Win32
		{41E7EF95-8CBF-40B2-8365-690D113205D4}.Debug|x86.Build.0 = Debug|Win32
		{41E7EF95-8CBF-40B2-8365-690D113205D4}.Release|x64.ActiveCfg = Release|x64
		{41E7EF95-8CBF-40B2-8365-690D113205D4}.Release|x64.Build.0 = Release|x64
		{41E7EF95-8CBF-40B2-8365-690D113205D4}.Release|x86.ActiveCfg = Release|Win32
		{41E7EF95-8CBF-40B2-8365-690D113205D4}.Release|x86.Build.0 = Release|Win32
		{2D44F2AE-BE3C-4C8B-8403-187166C4A149}.Debug|x64.ActiveCfg = Debug|x64
		{2D44F2AE-BE3C-4C8B-8403-187166C4A149}.Debug|x64.Build.0 = Debug|x64
		{2D44F2AE-BE3C-4C8B-8403-187166C4A149}.Debug|x86.ActiveCfg = Debug|Win32
		{2D44F2AE-BE3C-4C8B-8403-187166C4A149}.Debug|x86.Build.0 = Debug|Win32
		{2D44F2AE-BE3C-4C8B-8403-187166C4A149}.Release|x64.ActiveCfg = Release|x64
		{2D44F2AE-BE3C-4C8B-8403-187166C4A149}.Release|x64.Build.0 = Release|x64
		{2D44F2AE-BE3C-4C8B-8403-187166C4A149}.Release|x86.ActiveCfg = Release|Win32
		{2D44F2AE-BE3C-4C8B-8403-187166C4A149}.Release|x86.Build.0 = Release|Win32
		{81C8B0F4-A50C-4F2D-B97E-8C9D6415B32E}.Debug|x64.ActiveCfg = Debug|x64
		{81C8B0F4-A50C-4F2D-B97E-8C9D6415B32E}.Debug|x64.Build.0 = Debug|x64
		{81C8B0F4-A50C-4F2D-B97E-8C9D6415B32E}.Debug|x86.ActiveCfg = Debug|Win32
		{81C8B0F4-A50C-4F2D-B97E-8C9D6415B32E}.Debug|x86.Build.0 = Debug|Win32
		{81C8B0F4-A50C-4F2D-B97E-8C9D6415B32E}.Release|x64.ActiveCfg = Release|x64
		{81C8B0F4-A50C-4F2D-B97E-8C9D6415B32E}.Release|x64.Build.0 = Release|x64
		{81C8B0F4-A50C-4F2D-B97E-8C9D6415B32E}.Release|x86.ActiveCfg = Release|Win32
		{81C8B0F4-A50C-4F2D-B97E-8C9D6415B32E}.Release|x86.Build.0 = Release|Win32
		{F369DD55-1C87-498B-BD90-7DF759440DD9}.Debug|x64.ActiveCfg = Debug|x64
		{F369DD55-1C87-498B-BD90-7DF759440DD9}.Debug|x64.Build.0 = Debug|x64
		{F369DD55-1C87-498B-BD90-7DF759440DD9}.Debug|x86.ActiveCfg = Debug|Win32
		{F369DD55-1C87-498B-BD90-7DF759440DD9}.Debug|x86.Build.0 = Debug|Win32
		{F369DD55-1C87-498B-BD90-7DF759440DD9}.Release|x64.ActiveCfg = Release|x64
		{F369DD55-1C87-498B-BD90-7DF759440DD9}.Release|x64.Build.0 = Release|x64
		{F369DD55-1C87-498B-BD90-7DF759440DD9}.Release|x86.ActiveCfg = Release|Win32
		{F369DD55-1C87-498B-BD90-7DF759440DD9}.Release|x86.Build.0 = Release|Win32
		{C49C863F-0FBF-499E-A9FC-E9C057B9B592}.Debug|x64.ActiveCfg = Debug|x64
		{C49C863F-0FBF-499E-A9FC-E9C057B9B592}.Debug|x64.Build.0 = Debug|x64
		{C49C863F-0FBF-499E-A9FC-E9C057B9B592}.Debug|x86.ActiveCfg = Debug|Win32
		{C49C863F-0FBF-499E-A9FC-E9C057B9B592}.Debug|x86.Build.0 = Debug|Win32
		{C49C863F-0FBF-499E-A9FC-E9C057B9B592}.Release|x64.ActiveCfg = Release|x64
		{C49C863F-0FBF-499E-A9FC-E9C057B9B592}.Release|x64.Build.0 = Release|x64
		{C49C863F-0FBF-499E-A9FC-E9C057B9B592}.Release|x86.ActiveCfg = Release|Win32
		{C49C863F-0FBF-499E-A9FC-E9C057B9B592}.Release|x86.Build.0 = Release|Win32
		{5AF2F351-ECE8-4CFD-B217-6CA0093A3B63}.Debug|x64.ActiveCfg = Debug|x64
		{5AF2F351-ECE8-4CFD-B217-6CA0093A3B63}.Debug|x64.Build.0 = Debug|x64
		{5AF2F351-ECE8-4CFD-B217-6CA0093A3B63}.Debug|x86.ActiveCfg = Debug|Win32
		{5AF2F351-ECE8-4CFD-B217-6CA0093A3B63}.Debug|x86.Build.0 = Debug|Win32
		{5AF2F351-ECE8-4CFD-B217-6CA0093A3B63}.Release|x64.ActiveCfg = Release|x64
		{5AF2F351-ECE8-4CFD-B217-6CA0093A3B63}.Release|x64.Build.0 = Release|x64
		{5AF2F351-ECE8-4CFD-B217-6CA0093A3B63}.Release|x86.ActiveCfg = Release|Win32
		{5AF2F351-ECE8-4CFD-B217-6CA0093A3B63}.Release|x86.Build.0 = Release|Win32
		{2185828F-ABB8-4C9A-AC06-3AB3B6514D89}.Debug|x64.ActiveCfg = Debug|x64
		{2185828F-ABB8-4C9A-AC06-3AB3B6514D89}.Debug|x64.Build.0 = Debug|x64
		{2185828F-ABB8-4C9A-AC06-3AB3B6514D89}.Debug|x86.ActiveCfg = Debug|Win32
		{2185828F-ABB8-4C9A-AC06-3AB3B6514D89}.Debug|x86.Build.0 = Debug|Win32
		{2185828F-ABB8-4C9A-AC06-3AB3B6514D89}.Release|x64.ActiveCfg = Release|x64
		{2185828F-ABB8-4C9A-AC06-3AB3B6514D89}.Release|x64.Build.0 = Release|x64
		{2185828F-ABB8-4C9A-AC06-3AB3B6514D89}.Release|x86.ActiveCfg = Release|Win32
		{2185828F-ABB8-4C9A-AC06-3AB3B6514D89}.Release|x86.Build.0 = Release|Win32
		{16875C8C-ABFF-42D5-B27C-FE5E8AA76FD4}.Debug|x64.ActiveCfg = Debug|x64
		{16875C8C-ABFF-42D5-B27C-FE5E8AA76FD4}.Debug|x64.Build.0 = Debug|x64
		{16875C8C-ABFF-42D5-B27C-FE5E8AA76FD4}.Debug|x86.ActiveCfg = Debug|Win32
		{16875C8C-ABFF-42D5-B27C-FE5E8AA76FD4}.Debug|x86.Build.0 = Debug|Win32
		{16875C8C-ABFF-42D5-B27C-FE5E8AA76FD4}.Release|x64.ActiveCfg = Release|x64
		{16875C8C-ABFF-42D5-B27C-FE5E8AA76FD4}.Release|x64.Build.0 = Release|x64
		{16875C8C-ABFF-42D5-B27C-FE5E8AA76FD4}.Release|x86.ActiveCfg = Release|Win32
		{16875C8C-ABFF-42D5-B27C-FE5E8AA76FD4}.Release|x86.Build.0 = Release|Win32
		{21E6669A-7FFF-464B-95FB-787F272994BC}.Debug|x64.ActiveCfg = Debug|x64
		{21E6669A-7FFF-464B-95FB-787F272994BC}.Debug|x64.Build.0 = Debug|x64
		{21E6669A-7FFF-464B-95FB-787F272994BC}.Debug|x86.ActiveCfg = Debug|Win32
		{21E6669A-7FFF-464B-95FB-787F272994BC}.Debug|x86.Build.0 = Debug|Win32
		{21E6669A-7FFF-464B-95FB-787F272994BC}.Release|x64.ActiveCfg = Release|x64
		{21E6669A-7FFF-464B-95FB-787F272994BC}.Release|x64.Build.0 = Release|x64
		{21E6669A-7FFF-464B-95FB-787F272994BC}.Release|x86.ActiveCfg = Release|Win32
		{21E6669A-7FFF-464B-95FB-787F272994BC}.Release|x86.Build.0 = Release|Win32
		{4284C397-F6D3-4524-A753-F9FC8E45E677}.Debug|x64.ActiveCfg = Debug|x64
		{4284C397-F6D3-4524-A753-F9FC8E45E677}.Debug|x64.Build.0 = Debug|x64
		{4284C397-F6D3-4524-A753-F9FC8E45E677}.Debug|x86.ActiveCfg = Debug|Win32
		{4284C397-F6D3-4524-A753-F9FC8E45E677}.Debug|x86.Build.0 = Debug|Win32
		{4284C397-F6D3-4524-A753-F9FC8E45E677}.Release|x64.ActiveCfg = Release|x64
		{4284C397-F6D3-4524-A753-F9FC8E45E677}.Release|x64.Build.0 = Release|x64
		{4284C397-F6D3-4524-A753-F9FC8E45E677}.Release|x86.ActiveCfg = Release|Win32
		{4284C397-F6D3-4524-A753-F9FC8E45E677}.Release|x86.Build.0 = Release|Win32
		{5E6B92E5-F8DD-4E7C-A461-EE8A9FC0FDBB}.Debug|x64.ActiveCfg = Debug|x64
		{5E6B92E5-F8DD-4E7C-A461-EE8A9FC0FDBB}.Debug|x64.Build.0 = Debug|x64
		{5E6B92E5-F8DD-4E7C-A461-EE8A9FC0FDBB}.Debug|x86.ActiveCfg = Debug|Win32
		{5E6B92E5-F8DD-4E7C-A461-EE8A9FC0FDBB}.Debug|x86.Build.0 = Debug|Win32
		{5E6B92E5-F8DD-4E7C-A461-EE8A9FC0FDBB}.Release|x64.ActiveCfg = Release|x64
		{5E6B92E5-F8DD-4E7C-A461-EE8A9FC0FDBB}.Release|x64.Build.0 = Release|x64
		{5E6B92E5-F8DD-4E7C-A461-EE8A9FC0FDBB}.Release|x86.ActiveCfg = Release|Win32
		{5E6B92E5-F8DD-4E7C-A461-EE8A9FC0FDBB}.Release|x86.Build.0 = Release|Win32
		{2E07A2B2-699A-40C0-AB7F-15D0D831F788}.Debug|x64.ActiveCfg = Debug|x64
		{2E07A2B2-699A-40C0-AB7F-15D0D831F788}.Debug|x64.Build.0 = Debug|x64
		{2E07A2B2-699A-40C0-AB7F-15D0D831F788}.Debug|x86.ActiveCfg = Debug|Win32
		{2E07A2B2-699A-40C0-AB7F-15D0D831F788}.Debug|x86.Build.0 = Debug|Win32
		{2E07A2B2-699A-40C0-AB7F-15D0D831F788}.Release|x64.ActiveCfg = Release|x64
		{2E07A2B2-699A-40C0-AB7F-15D0D831F788}.Release|x64.Build.0 = Release|x64
		{2E07A2B2-699A-40C0-AB7F-15D0D831F788}.Release|x86.ActiveCfg = Release|Win32
		{2E07A2B2-699A-40C0-AB7F-15D0D831F788}.Release|x86.Build.0 = Release|Win32
		{D724A2C0-1647-400C-9B17-A3AC26D08BDB}.Debug|x64.ActiveCfg = Debug|x64
		{D724A2C0-1647-400C-9B17-A3AC26D08BDB}.Debug|x64.Build.0 = Debug|x64
		{D724A2C0-1647-400C-9B17-A3AC26D08BDB}.Debug|x86.ActiveCfg = Debug|Win32
		{D724A2C0-1647-400C-9B17-A3AC26D08BDB}.Debug|x86.Build.0 = Debug|Win32
		{D724A2C0-1647-400C-9B17-A3AC26D08BDB}.Release|x64.ActiveCfg = Release|x64
		{D724A2C0-1647-400C-9B17-A3AC26D08BDB}.Release|x64.Build.0 = Release|x64
		{D724A2C0-1647-400C-9B17-A3AC26D08BDB}.Release|x86.ActiveCfg = Release|Win32
		{D724A2C0-1647-400C-9B17-A3AC26D08BDB}.Release|x86.Build.0 = Release|Win32
		{08768C9E-C0EA-443E-8DB2-E2F495E24BF7}.Debug|x64.ActiveCfg = Debug|x64
		{08768C9E-C0EA-443E-8DB2-E2F495E24BF7}.Debug|x64.Build.0 = Debug|x64
		{08768C9E-C0EA-443E-8DB2-E2F495E24BF7}.Debug|x86.ActiveCfg = Debug|Win32
		{08768C9E-C0EA-443E-8DB2-E2F495E24BF7}.Debug|x86.Build.0 = Debug|Win32
		{08768C9E-C0EA-443E-8DB2-E2F495E24BF7}.Release|x64.ActiveCfg = Release|x64
		{08768C9E-C0EA-443E-8DB2-E2F495E24BF7}.Release|x64.Build.0 = Release|x64
		{08768C9E-C0EA-443E-8DB2-E2F495E24BF7}.Release|x86.ActiveCfg = Release|Win32
		{08768C9E-C0EA-443E-8DB2-E2F495E24BF7}.Release|x86.Build.0 = Release|Win32
		{4500E660-7AE6-4FA1-8644-CDD73FF0D65F}.Debug|x64.ActiveCfg = Debug|x64
		{4500E660-7AE6-4FA1-8644-CDD73FF0D65F}.Debug|x64.Build.0 = Debug|x64
		{4500E660-7AE6-4FA1-8644-CDD73FF0D65F}.Debug|x86.ActiveCfg = Debug|Win32
		{4500E660-7AE6-4FA1-8644-CDD73FF0D65F}.Debug|x86.Build.0 = Debug|Win32
		{4500E660-7AE6-4FA1-8644-CDD73FF0D65F}.Release|x64.ActiveCfg = Release|x64
		{4500E660-7AE6-4FA1-8644-CDD73FF0D65F}.Release|x64.Build.0 = Release|x64
		{4500E660-7AE6-4FA1-8644-CDD73FF0D65F}.Release|x86.ActiveCfg = Release|Win32
		{4500E660-7AE6-4FA1-8644-CDD73FF0D65F}.Release|x86.Build.0 = Release|Win32
		{341A9C41-2F86-44A7-8742-F869450549B4}.Debug|x64.ActiveCfg = Debug|x64
		{341A9C41-2F86-44A7-8742-F869450549B4}.Debug|x64.Build.0 = Debug|x64
		{341A9C41-2F86-44A7-8742-F869450549B4}.Debug|x86.ActiveCfg = Debug|Win32
		{341A9C41-2F86-44A7-8742-F869450549B4}.Debug|x86.Build.0 = Debug|Win32
		{341A9C41-2F86-44A7-8742-F869450549B4}.Release|x64.ActiveCfg = Release|x64
		{341A9C41-2F86-44A7-8742-F869450549B4}.Release|x64.Build.0 = Release|x64
		{341A9C41-2F86-44A7-8742-F869450549B4}.Release|x86.ActiveCfg = Release|Win32
		{341A9C41-2F86-44A7-8742-F869450549B4}.Release|x86.Build.0 = Release|Win32
		{7BCBAA3B-F432-42BF-9D99-3BD620C15E2C}.Debug|x64.ActiveCfg = Debug|x64
		{7BCBAA3B-F432-42BF-9D99-3BD620C15E2C}.Debug|x64.Build.0 = Debug|x64
		{7BCBAA3B-F432-42BF-9D99-3BD620C15E2C}.Debug|x86.ActiveCfg = Debug|Win32
		{7BCBAA3B-F432-42BF-9D99-3BD620C15E2C}.Debug|x86.Build.0 = Debug|Win32
		{7BCBAA3B-F432-42BF-9D99-3BD620C15E2C}.Release|x64.ActiveCfg = Release|x64
		{7BCBAA3B-F432-42BF-9D99-3BD620C15E2C}.Release|x64.Build.0 = Release|x64
		{7BCBAA3B-F432-42BF-9D99-3BD620C15E2C}.Release|x86.ActiveCfg = Release|Win32
		{7BCBAA3B-F432-42BF-9D99-3BD620C15E2C}.Release|x86.Build.0 = Release|Win32
		{18AE9BF3-E57C-46A7-B4D7-994104159361}.Debug|x64.ActiveCfg = Debug|x64
		{18AE9BF3-E57C-46A7-B4D7-994104159361}.Debug|x64.Build.0 = Debug|x64
		{18AE9BF3-E57C-46A7-B4D7-994104159361}.Debug|x86.ActiveCfg = Debug|Win32
		{18AE9BF3-E57C-46A7-B4D7-994104159361}.Debug|x86.Build.0 = Debug|Win32
		{18AE9BF3-E57C-46A7-B4D7-994104159361}.Release|x64.ActiveCfg = Release|x64
		{18AE9BF3-E57C-46A7-B4D7-994104159361}.Release|x64.Build.0 = Release|x64
		{18AE9BF3-E57C-46A7-B4D7-994104159361}.Release|x86.ActiveCfg = Release|Win32
		{18AE9BF3-E57C-46A7-B4D7-994104159361}.Release|x86.Build.0 = Release|Win32
	EndGlobalSection
	GlobalSection(SolutionProperties) = preSolution
		HideSolutionNode = FALSE
	EndGlobalSection
	GlobalSection(ExtensibilityGlobals) = postSolution
		SolutionGuid = {9D5273F3-E971-4D7C-AB6D-405C14059394}
	EndGlobalSection
EndGlobal
